
Microsoft Visual Studio Solution File, Format Version 12.00
# Visual Studio Version 17
VisualStudioVersion = 17.14.36119.2
MinimumVisualStudioVersion = 10.0.40219.1
Project("{FAE04EC0-301F-11D3-BF4B-00C04F79EFBC}") = "Movies", "Movies.csproj", "{4244813A-4A93-4EDD-8749-CA2DE67E9B57}"
EndProject
Project("{FAE04EC0-301F-11D3-BF4B-00C04F79EFBC}") = "Casts", "..\Cast\Casts.csproj", "{5E34EDE7-D00F-005A-6A2B-C44D8071AD0C}"
EndProject
Global
	GlobalSection(SolutionConfigurationPlatforms) = preSolution
		Debug|Any CPU = Debug|Any CPU
		Release|Any CPU = Release|Any CPU
	EndGlobalSection
	GlobalSection(ProjectConfigurationPlatforms) = postSolution
		{4244813A-4A93-4EDD-8749-CA2DE67E9B57}.Debug|Any CPU.ActiveCfg = Debug|Any CPU
		{4244813A-4A93-4EDD-8749-CA2DE67E9B57}.Debug|Any CPU.Build.0 = Debug|Any CPU
		{4244813A-4A93-4EDD-8749-CA2DE67E9B57}.Release|Any CPU.ActiveCfg = Release|Any CPU
		{4244813A-4A93-4EDD-8749-CA2DE67E9B57}.Release|Any CPU.Build.0 = Release|Any CPU
		{5E34EDE7-D00F-005A-6A2B-C44D8071AD0C}.Debug|Any CPU.ActiveCfg = Debug|Any CPU
		{5E34EDE7-D00F-005A-6A2B-C44D8071AD0C}.Debug|Any CPU.Build.0 = Debug|Any CPU
		{5E34EDE7-D00F-005A-6A2B-C44D8071AD0C}.Release|Any CPU.ActiveCfg = Release|Any CPU
		{5E34EDE7-D00F-005A-6A2B-C44D8071AD0C}.Release|Any CPU.Build.0 = Release|Any CPU
	EndGlobalSection
	GlobalSection(SolutionProperties) = preSolution
		HideSolutionNode = FALSE
	EndGlobalSection
	GlobalSection(ExtensibilityGlobals) = postSolution
		SolutionGuid = {34DCE46E-2291-4260-90F1-5724A34B8560}
	EndGlobalSection
EndGlobal
